
Microsoft Visual Studio Solution File, Format Version 12.00
# Visual Studio Version 17
VisualStudioVersion = 17.7.34031.279
MinimumVisualStudioVersion = 10.0.40219.1
Project("{FAE04EC0-301F-11D3-BF4B-00C04F79EFBC}") = "Uso de while", "Uso de while\Uso de while.csproj", "{DE937676-7554-48EF-B6CB-861E24FF998A}"
EndProject
Global
	GlobalSection(SolutionConfigurationPlatforms) = preSolution
		Debug|Any CPU = Debug|Any CPU
		Release|Any CPU = Release|Any CPU
	EndGlobalSection
	GlobalSection(ProjectConfigurationPlatforms) = postSolution
		{DE937676-7554-48EF-B6CB-861E24FF998A}.Debug|Any CPU.ActiveCfg = Debug|Any CPU
		{DE937676-7554-48EF-B6CB-861E24FF998A}.Debug|Any CPU.Build.0 = Debug|Any CPU
		{DE937676-7554-48EF-B6CB-861E24FF998A}.Release|Any CPU.ActiveCfg = Release|Any CPU
		{DE937676-7554-48EF-B6CB-861E24FF998A}.Release|Any CPU.Build.0 = Release|Any CPU
	EndGlobalSection
	GlobalSection(SolutionProperties) = preSolution
		HideSolutionNode = FALSE
	EndGlobalSection
	GlobalSection(ExtensibilityGlobals) = postSolution
		SolutionGuid = {F699C841-CBD2-4F86-9FF3-E1FE1FE99D24}
	EndGlobalSection
EndGlobal
